
Microsoft Visual Studio Solution File, Format Version 12.00
# Visual Studio Version 17
VisualStudioVersion = 17.1.31911.260
MinimumVisualStudioVersion = 10.0.40219.1
Project("{FAE04EC0-301F-11D3-BF4B-00C04F79EFBC}") = "Magitek", "Magitek.csproj", "{44929A8E-166F-4B02-98B2-619585077951}"
EndProject
Project("{FAE04EC0-301F-11D3-BF4B-00C04F79EFBC}") = "MagitekLoader", "..\MagitekLoader\MagitekLoader.csproj", "{611A0CCE-7786-430D-B866-F374FF03B289}"
EndProject
Project("{2150E333-8FDC-42A3-9474-1A3956D46DE8}") = "Solution Items", "Solution Items", "{0BB68737-E796-40EC-A000-D0F293DBF0B4}"
	ProjectSection(SolutionItems) = preProject
		.editorconfig = .editorconfig
	EndProjectSection
EndProject
Global
	GlobalSection(SolutionConfigurationPlatforms) = preSolution
		Debug|x64 = Debug|x64
		Release|x64 = Release|x64
	EndGlobalSection
	GlobalSection(ProjectConfigurationPlatforms) = postSolution
		{44929A8E-166F-4B02-98B2-619585077951}.Debug|x64.ActiveCfg = Debug|x64
		{44929A8E-166F-4B02-98B2-619585077951}.Debug|x64.Build.0 = Debug|x64
		{44929A8E-166F-4B02-98B2-619585077951}.Release|x64.ActiveCfg = Release|x64
		{44929A8E-166F-4B02-98B2-619585077951}.Release|x64.Build.0 = Release|x64
		{611A0CCE-7786-430D-B866-F374FF03B289}.Debug|x64.ActiveCfg = Debug|x64
		{611A0CCE-7786-430D-B866-F374FF03B289}.Debug|x64.Build.0 = Debug|x64
		{611A0CCE-7786-430D-B866-F374FF03B289}.Release|x64.ActiveCfg = Release|x64
	EndGlobalSection
	GlobalSection(SolutionProperties) = preSolution
		HideSolutionNode = FALSE
	EndGlobalSection
	GlobalSection(ExtensibilityGlobals) = postSolution
		SolutionGuid = {EA47C719-266E-4189-8FDD-5F88A92FBBD3}
	EndGlobalSection
EndGlobal
