
Microsoft Visual Studio Solution File, Format Version 12.00
# Visual Studio Version 16
VisualStudioVersion = 16.0.29001.49
MinimumVisualStudioVersion = 10.0.40219.1
Project("{FAE04EC0-301F-11D3-BF4B-00C04F79EFBC}") = "Magitek", "Magitek.csproj", "{44929A8E-166F-4B02-98B2-619585077951}"
EndProject
Project("{FAE04EC0-301F-11D3-BF4B-00C04F79EFBC}") = "MagitekLoader", "..\MagitekLoader\MagitekLoader.csproj", "{611A0CCE-7786-430D-B866-F374FF03B289}"
EndProject
Global
	GlobalSection(SolutionConfigurationPlatforms) = preSolution
		Debug|Any CPU = Debug|Any CPU
		Debug|x64 = Debug|x64
		Release|Any CPU = Release|Any CPU
		Release|x64 = Release|x64
	EndGlobalSection
	GlobalSection(ProjectConfigurationPlatforms) = postSolution
		{44929A8E-166F-4B02-98B2-619585077951}.Debug|Any CPU.ActiveCfg = Debug|Any CPU
		{44929A8E-166F-4B02-98B2-619585077951}.Debug|Any CPU.Build.0 = Debug|Any CPU
		{44929A8E-166F-4B02-98B2-619585077951}.Debug|x64.ActiveCfg = Debug|Any CPU
		{44929A8E-166F-4B02-98B2-619585077951}.Debug|x64.Build.0 = Debug|Any CPU
		{44929A8E-166F-4B02-98B2-619585077951}.Release|Any CPU.ActiveCfg = Release|Any CPU
		{44929A8E-166F-4B02-98B2-619585077951}.Release|Any CPU.Build.0 = Release|Any CPU
		{44929A8E-166F-4B02-98B2-619585077951}.Release|x64.ActiveCfg = Release|Any CPU
		{44929A8E-166F-4B02-98B2-619585077951}.Release|x64.Build.0 = Release|Any CPU
		{611A0CCE-7786-430D-B866-F374FF03B289}.Debug|Any CPU.ActiveCfg = Debug|Any CPU
		{611A0CCE-7786-430D-B866-F374FF03B289}.Debug|Any CPU.Build.0 = Debug|Any CPU
		{611A0CCE-7786-430D-B866-F374FF03B289}.Debug|x64.ActiveCfg = Debug|Any CPU
		{611A0CCE-7786-430D-B866-F374FF03B289}.Debug|x64.Build.0 = Debug|Any CPU
		{611A0CCE-7786-430D-B866-F374FF03B289}.Release|Any CPU.ActiveCfg = Release|Any CPU
		{611A0CCE-7786-430D-B866-F374FF03B289}.Release|Any CPU.Build.0 = Release|Any CPU
		{611A0CCE-7786-430D-B866-F374FF03B289}.Release|x64.ActiveCfg = Release|Any CPU
		{611A0CCE-7786-430D-B866-F374FF03B289}.Release|x64.Build.0 = Release|Any CPU
	EndGlobalSection
	GlobalSection(SolutionProperties) = preSolution
		HideSolutionNode = FALSE
	EndGlobalSection
	GlobalSection(ExtensibilityGlobals) = postSolution
		SolutionGuid = {EA47C719-266E-4189-8FDD-5F88A92FBBD3}
	EndGlobalSection
EndGlobal
